// !$*UTF8*$!
{
	archiveVersion = 1;
	classes = {
	};
	objectVersion = 77;
	objects = {

/* Begin PBXBuildFile section */
		4493545C2D2C579B0049685F /* Alamofire in Frameworks */ = {isa = PBXBuildFile; productRef = 4493545B2D2C579B0049685F /* Alamofire */; };
		4493545F2D2C58390049685F /* Swinject in Frameworks */ = {isa = PBXBuildFile; productRef = 4493545E2D2C58390049685F /* Swinject */; };
		449354C72D2D6B990049685F /* SDWebImage in Frameworks */ = {isa = PBXBuildFile; productRef = 449354C62D2D6B990049685F /* SDWebImage */; };
		449354CA2D2D6C210049685F /* SVProgressHUD in Frameworks */ = {isa = PBXBuildFile; productRef = 449354C92D2D6C210049685F /* SVProgressHUD */; };
/* End PBXBuildFile section */

/* Begin PBXContainerItemProxy section */
		449354392D2C3EEC0049685F /* PBXContainerItemProxy */ = {
			isa = PBXContainerItemProxy;
			containerPortal = 4493541A2D2C3EEB0049685F /* Project object */;
			proxyType = 1;
			remoteGlobalIDString = 449354212D2C3EEB0049685F;
			remoteInfo = "Cars Finder";
		};
		449354432D2C3EEC0049685F /* PBXContainerItemProxy */ = {
			isa = PBXContainerItemProxy;
			containerPortal = 4493541A2D2C3EEB0049685F /* Project object */;
			proxyType = 1;
			remoteGlobalIDString = 449354212D2C3EEB0049685F;
			remoteInfo = "Cars Finder";
		};
/* End PBXContainerItemProxy section */

/* Begin PBXFileReference section */
		449354222D2C3EEB0049685F /* Cars Finder.app */ = {isa = PBXFileReference; explicitFileType = wrapper.application; includeInIndex = 0; path = "Cars Finder.app"; sourceTree = BUILT_PRODUCTS_DIR; };
		449354382D2C3EEC0049685F /* Cars FinderTests.xctest */ = {isa = PBXFileReference; explicitFileType = wrapper.cfbundle; includeInIndex = 0; path = "Cars FinderTests.xctest"; sourceTree = BUILT_PRODUCTS_DIR; };
		449354422D2C3EEC0049685F /* Cars FinderUITests.xctest */ = {isa = PBXFileReference; explicitFileType = wrapper.cfbundle; includeInIndex = 0; path = "Cars FinderUITests.xctest"; sourceTree = BUILT_PRODUCTS_DIR; };
/* End PBXFileReference section */

/* Begin PBXFileSystemSynchronizedBuildFileExceptionSet section */
		4493544A2D2C3EEC0049685F /* Exceptions for "Cars Finder" folder in "Cars Finder" target */ = {
			isa = PBXFileSystemSynchronizedBuildFileExceptionSet;
			membershipExceptions = (
				Info.plist,
			);
			target = 449354212D2C3EEB0049685F /* Cars Finder */;
		};
/* End PBXFileSystemSynchronizedBuildFileExceptionSet section */

/* Begin PBXFileSystemSynchronizedRootGroup section */
		449354242D2C3EEB0049685F /* Cars Finder */ = {
			isa = PBXFileSystemSynchronizedRootGroup;
			exceptions = (
				4493544A2D2C3EEC0049685F /* Exceptions for "Cars Finder" folder in "Cars Finder" target */,
			);
			path = "Cars Finder";
			sourceTree = "<group>";
		};
		4493543B2D2C3EEC0049685F /* Cars FinderTests */ = {
			isa = PBXFileSystemSynchronizedRootGroup;
			path = "Cars FinderTests";
			sourceTree = "<group>";
		};
		449354452D2C3EEC0049685F /* Cars FinderUITests */ = {
			isa = PBXFileSystemSynchronizedRootGroup;
			path = "Cars FinderUITests";
			sourceTree = "<group>";
		};
/* End PBXFileSystemSynchronizedRootGroup section */

/* Begin PBXFrameworksBuildPhase section */
		4493541F2D2C3EEB0049685F /* Frameworks */ = {
			isa = PBXFrameworksBuildPhase;
			buildActionMask = 2147483647;
			files = (
				449354CA2D2D6C210049685F /* SVProgressHUD in Frameworks */,
				449354C72D2D6B990049685F /* SDWebImage in Frameworks */,
				4493545C2D2C579B0049685F /* Alamofire in Frameworks */,
				4493545F2D2C58390049685F /* Swinject in Frameworks */,
			);
			runOnlyForDeploymentPostprocessing = 0;
		};
		449354352D2C3EEC0049685F /* Frameworks */ = {
			isa = PBXFrameworksBuildPhase;
			buildActionMask = 2147483647;
			files = (
			);
			runOnlyForDeploymentPostprocessing = 0;
		};
		4493543F2D2C3EEC0049685F /* Frameworks */ = {
			isa = PBXFrameworksBuildPhase;
			buildActionMask = 2147483647;
			files = (
			);
			runOnlyForDeploymentPostprocessing = 0;
		};
/* End PBXFrameworksBuildPhase section */

/* Begin PBXGroup section */
		449354192D2C3EEB0049685F = {
			isa = PBXGroup;
			children = (
				449354242D2C3EEB0049685F /* Cars Finder */,
				4493543B2D2C3EEC0049685F /* Cars FinderTests */,
				449354452D2C3EEC0049685F /* Cars FinderUITests */,
				449354232D2C3EEB0049685F /* Products */,
			);
			sourceTree = "<group>";
		};
		449354232D2C3EEB0049685F /* Products */ = {
			isa = PBXGroup;
			children = (
				449354222D2C3EEB0049685F /* Cars Finder.app */,
				449354382D2C3EEC0049685F /* Cars FinderTests.xctest */,
				449354422D2C3EEC0049685F /* Cars FinderUITests.xctest */,
			);
			name = Products;
			sourceTree = "<group>";
		};
/* End PBXGroup section */

/* Begin PBXNativeTarget section */
		449354212D2C3EEB0049685F /* Cars Finder */ = {
			isa = PBXNativeTarget;
			buildConfigurationList = 4493544B2D2C3EEC0049685F /* Build configuration list for PBXNativeTarget "Cars Finder" */;
			buildPhases = (
				4493541E2D2C3EEB0049685F /* Sources */,
				4493541F2D2C3EEB0049685F /* Frameworks */,
				449354202D2C3EEB0049685F /* Resources */,
			);
			buildRules = (
			);
			dependencies = (
			);
			fileSystemSynchronizedGroups = (
				449354242D2C3EEB0049685F /* Cars Finder */,
			);
			name = "Cars Finder";
			packageProductDependencies = (
				4493545B2D2C579B0049685F /* Alamofire */,
				4493545E2D2C58390049685F /* Swinject */,
				449354C62D2D6B990049685F /* SDWebImage */,
				449354C92D2D6C210049685F /* SVProgressHUD */,
			);
			productName = "Cars Finder";
			productReference = 449354222D2C3EEB0049685F /* Cars Finder.app */;
			productType = "com.apple.product-type.application";
		};
		449354372D2C3EEC0049685F /* Cars FinderTests */ = {
			isa = PBXNativeTarget;
			buildConfigurationList = 449354502D2C3EEC0049685F /* Build configuration list for PBXNativeTarget "Cars FinderTests" */;
			buildPhases = (
				449354342D2C3EEC0049685F /* Sources */,
				449354352D2C3EEC0049685F /* Frameworks */,
				449354362D2C3EEC0049685F /* Resources */,
			);
			buildRules = (
			);
			dependencies = (
				4493543A2D2C3EEC0049685F /* PBXTargetDependency */,
			);
			fileSystemSynchronizedGroups = (
				4493543B2D2C3EEC0049685F /* Cars FinderTests */,
			);
			name = "Cars FinderTests";
			packageProductDependencies = (
			);
			productName = "Cars FinderTests";
			productReference = 449354382D2C3EEC0049685F /* Cars FinderTests.xctest */;
			productType = "com.apple.product-type.bundle.unit-test";
		};
		449354412D2C3EEC0049685F /* Cars FinderUITests */ = {
			isa = PBXNativeTarget;
			buildConfigurationList = 449354532D2C3EEC0049685F /* Build configuration list for PBXNativeTarget "Cars FinderUITests" */;
			buildPhases = (
				4493543E2D2C3EEC0049685F /* Sources */,
				4493543F2D2C3EEC0049685F /* Frameworks */,
				449354402D2C3EEC0049685F /* Resources */,
			);
			buildRules = (
			);
			dependencies = (
				449354442D2C3EEC0049685F /* PBXTargetDependency */,
			);
			fileSystemSynchronizedGroups = (
				449354452D2C3EEC0049685F /* Cars FinderUITests */,
			);
			name = "Cars FinderUITests";
			packageProductDependencies = (
			);
			productName = "Cars FinderUITests";
			productReference = 449354422D2C3EEC0049685F /* Cars FinderUITests.xctest */;
			productType = "com.apple.product-type.bundle.ui-testing";
		};
/* End PBXNativeTarget section */

/* Begin PBXProject section */
		4493541A2D2C3EEB0049685F /* Project object */ = {
			isa = PBXProject;
			attributes = {
				BuildIndependentTargetsInParallel = 1;
				LastSwiftUpdateCheck = 1620;
				LastUpgradeCheck = 1620;
				TargetAttributes = {
					449354212D2C3EEB0049685F = {
						CreatedOnToolsVersion = 16.2;
					};
					449354372D2C3EEC0049685F = {
						CreatedOnToolsVersion = 16.2;
						TestTargetID = 449354212D2C3EEB0049685F;
					};
					449354412D2C3EEC0049685F = {
						CreatedOnToolsVersion = 16.2;
						TestTargetID = 449354212D2C3EEB0049685F;
					};
				};
			};
			buildConfigurationList = 4493541D2D2C3EEB0049685F /* Build configuration list for PBXProject "Cars Finder" */;
			developmentRegion = en;
			hasScannedForEncodings = 0;
			knownRegions = (
				en,
				Base,
			);
			mainGroup = 449354192D2C3EEB0049685F;
			minimizedProjectReferenceProxies = 1;
			packageReferences = (
				4493545A2D2C579B0049685F /* XCRemoteSwiftPackageReference "Alamofire" */,
				4493545D2D2C58390049685F /* XCRemoteSwiftPackageReference "Swinject" */,
				449354C52D2D6B990049685F /* XCRemoteSwiftPackageReference "SDWebImage" */,
				449354C82D2D6C210049685F /* XCRemoteSwiftPackageReference "SVProgressHUD" */,
			);
			preferredProjectObjectVersion = 77;
			productRefGroup = 449354232D2C3EEB0049685F /* Products */;
			projectDirPath = "";
			projectRoot = "";
			targets = (
				449354212D2C3EEB0049685F /* Cars Finder */,
				449354372D2C3EEC0049685F /* Cars FinderTests */,
				449354412D2C3EEC0049685F /* Cars FinderUITests */,
			);
		};
/* End PBXProject section */

/* Begin PBXResourcesBuildPhase section */
		449354202D2C3EEB0049685F /* Resources */ = {
			isa = PBXResourcesBuildPhase;
			buildActionMask = 2147483647;
			files = (
			);
			runOnlyForDeploymentPostprocessing = 0;
		};
		449354362D2C3EEC0049685F /* Resources */ = {
			isa = PBXResourcesBuildPhase;
			buildActionMask = 2147483647;
			files = (
			);
			runOnlyForDeploymentPostprocessing = 0;
		};
		449354402D2C3EEC0049685F /* Resources */ = {
			isa = PBXResourcesBuildPhase;
			buildActionMask = 2147483647;
			files = (
			);
			runOnlyForDeploymentPostprocessing = 0;
		};
/* End PBXResourcesBuildPhase section */

/* Begin PBXSourcesBuildPhase section */
		4493541E2D2C3EEB0049685F /* Sources */ = {
			isa = PBXSourcesBuildPhase;
			buildActionMask = 2147483647;
			files = (
			);
			runOnlyForDeploymentPostprocessing = 0;
		};
		449354342D2C3EEC0049685F /* Sources */ = {
			isa = PBXSourcesBuildPhase;
			buildActionMask = 2147483647;
			files = (
			);
			runOnlyForDeploymentPostprocessing = 0;
		};
		4493543E2D2C3EEC0049685F /* Sources */ = {
			isa = PBXSourcesBuildPhase;
			buildActionMask = 2147483647;
			files = (
			);
			runOnlyForDeploymentPostprocessing = 0;
		};
/* End PBXSourcesBuildPhase section */

/* Begin PBXTargetDependency section */
		4493543A2D2C3EEC0049685F /* PBXTargetDependency */ = {
			isa = PBXTargetDependency;
			target = 449354212D2C3EEB0049685F /* Cars Finder */;
			targetProxy = 449354392D2C3EEC0049685F /* PBXContainerItemProxy */;
		};
		449354442D2C3EEC0049685F /* PBXTargetDependency */ = {
			isa = PBXTargetDependency;
			target = 449354212D2C3EEB0049685F /* Cars Finder */;
			targetProxy = 449354432D2C3EEC0049685F /* PBXContainerItemProxy */;
		};
/* End PBXTargetDependency section */

/* Begin XCBuildConfiguration section */
		4493544C2D2C3EEC0049685F /* Debug */ = {
			isa = XCBuildConfiguration;
			buildSettings = {
				ASSETCATALOG_COMPILER_APPICON_NAME = AppIcon;
				ASSETCATALOG_COMPILER_GLOBAL_ACCENT_COLOR_NAME = AccentColor;
				CODE_SIGN_STYLE = Automatic;
				CURRENT_PROJECT_VERSION = 1;
				DEVELOPMENT_TEAM = UX73T5859J;
				GENERATE_INFOPLIST_FILE = YES;
				INFOPLIST_FILE = "Cars Finder/Info.plist";
				INFOPLIST_KEY_CFBundleDisplayName = "Cars Finder";
				INFOPLIST_KEY_UIApplicationSupportsIndirectInputEvents = YES;
				INFOPLIST_KEY_UILaunchStoryboardName = LaunchScreen;
				INFOPLIST_KEY_UIMainStoryboardFile = Main;
				INFOPLIST_KEY_UISupportedInterfaceOrientations = UIInterfaceOrientationPortrait;
				INFOPLIST_KEY_UISupportedInterfaceOrientations_iPad = "UIInterfaceOrientationLandscapeLeft UIInterfaceOrientationLandscapeRight UIInterfaceOrientationPortrait UIInterfaceOrientationPortraitUpsideDown";
				LD_RUNPATH_SEARCH_PATHS = (
					"$(inherited)",
					"@executable_path/Frameworks",
				);
				MARKETING_VERSION = 1.0;
				PRODUCT_BUNDLE_IDENTIFIER = "com.riosixx.Cars-Finder";
				PRODUCT_NAME = "$(TARGET_NAME)";
				SUPPORTED_PLATFORMS = "iphoneos iphonesimulator";
				SUPPORTS_MACCATALYST = NO;
				SUPPORTS_XR_DESIGNED_FOR_IPHONE_IPAD = NO;
				SWIFT_EMIT_LOC_STRINGS = YES;
				SWIFT_VERSION = 5.0;
				TARGETED_DEVICE_FAMILY = 1;
			};
			name = Debug;
		};
		4493544D2D2C3EEC0049685F /* Release */ = {
			isa = XCBuildConfiguration;
			buildSettings = {
				ASSETCATALOG_COMPILER_APPICON_NAME = AppIcon;
				ASSETCATALOG_COMPILER_GLOBAL_ACCENT_COLOR_NAME = AccentColor;
				CODE_SIGN_STYLE = Automatic;
				CURRENT_PROJECT_VERSION = 1;
				DEVELOPMENT_TEAM = UX73T5859J;
				GENERATE_INFOPLIST_FILE = YES;
				INFOPLIST_FILE = "Cars Finder/Info.plist";
				INFOPLIST_KEY_CFBundleDisplayName = "Cars Finder";
				INFOPLIST_KEY_UIApplicationSupportsIndirectInputEvents = YES;
				INFOPLIST_KEY_UILaunchStoryboardName = LaunchScreen;
				INFOPLIST_KEY_UIMainStoryboardFile = Main;
				INFOPLIST_KEY_UISupportedInterfaceOrientations = UIInterfaceOrientationPortrait;
				INFOPLIST_KEY_UISupportedInterfaceOrientations_iPad = "UIInterfaceOrientationLandscapeLeft UIInterfaceOrientationLandscapeRight UIInterfaceOrientationPortrait UIInterfaceOrientationPortraitUpsideDown";
				LD_RUNPATH_SEARCH_PATHS = (
					"$(inherited)",
					"@executable_path/Frameworks",
				);
				MARKETING_VERSION = 1.0;
				PRODUCT_BUNDLE_IDENTIFIER = "com.riosixx.Cars-Finder";
				PRODUCT_NAME = "$(TARGET_NAME)";
				SUPPORTED_PLATFORMS = "iphoneos iphonesimulator";
				SUPPORTS_MACCATALYST = NO;
				SUPPORTS_XR_DESIGNED_FOR_IPHONE_IPAD = NO;
				SWIFT_EMIT_LOC_STRINGS = YES;
				SWIFT_VERSION = 5.0;
				TARGETED_DEVICE_FAMILY = 1;
			};
			name = Release;
		};
		4493544E2D2C3EEC0049685F /* Debug */ = {
			isa = XCBuildConfiguration;
			buildSettings = {
				ALWAYS_SEARCH_USER_PATHS = NO;
				ASSETCATALOG_COMPILER_GENERATE_SWIFT_ASSET_SYMBOL_EXTENSIONS = YES;
				CLANG_ANALYZER_NONNULL = YES;
				CLANG_ANALYZER_NUMBER_OBJECT_CONVERSION = YES_AGGRESSIVE;
				CLANG_CXX_LANGUAGE_STANDARD = "gnu++20";
				CLANG_ENABLE_MODULES = YES;
				CLANG_ENABLE_OBJC_ARC = YES;
				CLANG_ENABLE_OBJC_WEAK = YES;
				CLANG_WARN_BLOCK_CAPTURE_AUTORELEASING = YES;
				CLANG_WARN_BOOL_CONVERSION = YES;
				CLANG_WARN_COMMA = YES;
				CLANG_WARN_CONSTANT_CONVERSION = YES;
				CLANG_WARN_DEPRECATED_OBJC_IMPLEMENTATIONS = YES;
				CLANG_WARN_DIRECT_OBJC_ISA_USAGE = YES_ERROR;
				CLANG_WARN_DOCUMENTATION_COMMENTS = YES;
				CLANG_WARN_EMPTY_BODY = YES;
				CLANG_WARN_ENUM_CONVERSION = YES;
				CLANG_WARN_INFINITE_RECURSION = YES;
				CLANG_WARN_INT_CONVERSION = YES;
				CLANG_WARN_NON_LITERAL_NULL_CONVERSION = YES;
				CLANG_WARN_OBJC_IMPLICIT_RETAIN_SELF = YES;
				CLANG_WARN_OBJC_LITERAL_CONVERSION = YES;
				CLANG_WARN_OBJC_ROOT_CLASS = YES_ERROR;
				CLANG_WARN_QUOTED_INCLUDE_IN_FRAMEWORK_HEADER = YES;
				CLANG_WARN_RANGE_LOOP_ANALYSIS = YES;
				CLANG_WARN_STRICT_PROTOTYPES = YES;
				CLANG_WARN_SUSPICIOUS_MOVE = YES;
				CLANG_WARN_UNGUARDED_AVAILABILITY = YES_AGGRESSIVE;
				CLANG_WARN_UNREACHABLE_CODE = YES;
				CLANG_WARN__DUPLICATE_METHOD_MATCH = YES;
				COPY_PHASE_STRIP = NO;
				DEBUG_INFORMATION_FORMAT = dwarf;
				ENABLE_STRICT_OBJC_MSGSEND = YES;
				ENABLE_TESTABILITY = YES;
				ENABLE_USER_SCRIPT_SANDBOXING = YES;
				GCC_C_LANGUAGE_STANDARD = gnu17;
				GCC_DYNAMIC_NO_PIC = NO;
				GCC_NO_COMMON_BLOCKS = YES;
				GCC_OPTIMIZATION_LEVEL = 0;
				GCC_PREPROCESSOR_DEFINITIONS = (
					"DEBUG=1",
					"$(inherited)",
				);
				GCC_WARN_64_TO_32_BIT_CONVERSION = YES;
				GCC_WARN_ABOUT_RETURN_TYPE = YES_ERROR;
				GCC_WARN_UNDECLARED_SELECTOR = YES;
				GCC_WARN_UNINITIALIZED_AUTOS = YES_AGGRESSIVE;
				GCC_WARN_UNUSED_FUNCTION = YES;
				GCC_WARN_UNUSED_VARIABLE = YES;
				IPHONEOS_DEPLOYMENT_TARGET = 18.2;
				LOCALIZATION_PREFERS_STRING_CATALOGS = YES;
				MTL_ENABLE_DEBUG_INFO = INCLUDE_SOURCE;
				MTL_FAST_MATH = YES;
				ONLY_ACTIVE_ARCH = YES;
				SDKROOT = iphoneos;
				SWIFT_ACTIVE_COMPILATION_CONDITIONS = "DEBUG $(inherited)";
				SWIFT_OPTIMIZATION_LEVEL = "-Onone";
			};
			name = Debug;
		};
		4493544F2D2C3EEC0049685F /* Release */ = {
			isa = XCBuildConfiguration;
			buildSettings = {
				ALWAYS_SEARCH_USER_PATHS = NO;
				ASSETCATALOG_COMPILER_GENERATE_SWIFT_ASSET_SYMBOL_EXTENSIONS = YES;
				CLANG_ANALYZER_NONNULL = YES;
				CLANG_ANALYZER_NUMBER_OBJECT_CONVERSION = YES_AGGRESSIVE;
				CLANG_CXX_LANGUAGE_STANDARD = "gnu++20";
				CLANG_ENABLE_MODULES = YES;
				CLANG_ENABLE_OBJC_ARC = YES;
				CLANG_ENABLE_OBJC_WEAK = YES;
				CLANG_WARN_BLOCK_CAPTURE_AUTORELEASING = YES;
				CLANG_WARN_BOOL_CONVERSION = YES;
				CLANG_WARN_COMMA = YES;
				CLANG_WARN_CONSTANT_CONVERSION = YES;
				CLANG_WARN_DEPRECATED_OBJC_IMPLEMENTATIONS = YES;
				CLANG_WARN_DIRECT_OBJC_ISA_USAGE = YES_ERROR;
				CLANG_WARN_DOCUMENTATION_COMMENTS = YES;
				CLANG_WARN_EMPTY_BODY = YES;
				CLANG_WARN_ENUM_CONVERSION = YES;
				CLANG_WARN_INFINITE_RECURSION = YES;
				CLANG_WARN_INT_CONVERSION = YES;
				CLANG_WARN_NON_LITERAL_NULL_CONVERSION = YES;
				CLANG_WARN_OBJC_IMPLICIT_RETAIN_SELF = YES;
				CLANG_WARN_OBJC_LITERAL_CONVERSION = YES;
				CLANG_WARN_OBJC_ROOT_CLASS = YES_ERROR;
				CLANG_WARN_QUOTED_INCLUDE_IN_FRAMEWORK_HEADER = YES;
				CLANG_WARN_RANGE_LOOP_ANALYSIS = YES;
				CLANG_WARN_STRICT_PROTOTYPES = YES;
				CLANG_WARN_SUSPICIOUS_MOVE = YES;
				CLANG_WARN_UNGUARDED_AVAILABILITY = YES_AGGRESSIVE;
				CLANG_WARN_UNREACHABLE_CODE = YES;
				CLANG_WARN__DUPLICATE_METHOD_MATCH = YES;
				COPY_PHASE_STRIP = NO;
				DEBUG_INFORMATION_FORMAT = "dwarf-with-dsym";
				ENABLE_NS_ASSERTIONS = NO;
				ENABLE_STRICT_OBJC_MSGSEND = YES;
				ENABLE_USER_SCRIPT_SANDBOXING = YES;
				GCC_C_LANGUAGE_STANDARD = gnu17;
				GCC_NO_COMMON_BLOCKS = YES;
				GCC_WARN_64_TO_32_BIT_CONVERSION = YES;
				GCC_WARN_ABOUT_RETURN_TYPE = YES_ERROR;
				GCC_WARN_UNDECLARED_SELECTOR = YES;
				GCC_WARN_UNINITIALIZED_AUTOS = YES_AGGRESSIVE;
				GCC_WARN_UNUSED_FUNCTION = YES;
				GCC_WARN_UNUSED_VARIABLE = YES;
				IPHONEOS_DEPLOYMENT_TARGET = 18.2;
				LOCALIZATION_PREFERS_STRING_CATALOGS = YES;
				MTL_ENABLE_DEBUG_INFO = NO;
				MTL_FAST_MATH = YES;
				SDKROOT = iphoneos;
				SWIFT_COMPILATION_MODE = wholemodule;
				VALIDATE_PRODUCT = YES;
			};
			name = Release;
		};
		449354512D2C3EEC0049685F /* Debug */ = {
			isa = XCBuildConfiguration;
			buildSettings = {
				BUNDLE_LOADER = "$(TEST_HOST)";
				CODE_SIGN_STYLE = Automatic;
				CURRENT_PROJECT_VERSION = 1;
				DEVELOPMENT_TEAM = UX73T5859J;
				GENERATE_INFOPLIST_FILE = YES;
				IPHONEOS_DEPLOYMENT_TARGET = 18.2;
				MARKETING_VERSION = 1.0;
				PRODUCT_BUNDLE_IDENTIFIER = "com.riosixx.Cars-FinderTests";
				PRODUCT_NAME = "$(TARGET_NAME)";
				SWIFT_EMIT_LOC_STRINGS = NO;
				SWIFT_VERSION = 5.0;
				TARGETED_DEVICE_FAMILY = "1,2";
				TEST_HOST = "$(BUILT_PRODUCTS_DIR)/Cars Finder.app/$(BUNDLE_EXECUTABLE_FOLDER_PATH)/Cars Finder";
			};
			name = Debug;
		};
		449354522D2C3EEC0049685F /* Release */ = {
			isa = XCBuildConfiguration;
			buildSettings = {
				BUNDLE_LOADER = "$(TEST_HOST)";
				CODE_SIGN_STYLE = Automatic;
				CURRENT_PROJECT_VERSION = 1;
				DEVELOPMENT_TEAM = UX73T5859J;
				GENERATE_INFOPLIST_FILE = YES;
				IPHONEOS_DEPLOYMENT_TARGET = 18.2;
				MARKETING_VERSION = 1.0;
				PRODUCT_BUNDLE_IDENTIFIER = "com.riosixx.Cars-FinderTests";
				PRODUCT_NAME = "$(TARGET_NAME)";
				SWIFT_EMIT_LOC_STRINGS = NO;
				SWIFT_VERSION = 5.0;
				TARGETED_DEVICE_FAMILY = "1,2";
				TEST_HOST = "$(BUILT_PRODUCTS_DIR)/Cars Finder.app/$(BUNDLE_EXECUTABLE_FOLDER_PATH)/Cars Finder";
			};
			name = Release;
		};
		449354542D2C3EEC0049685F /* Debug */ = {
			isa = XCBuildConfiguration;
			buildSettings = {
				CODE_SIGN_STYLE = Automatic;
				CURRENT_PROJECT_VERSION = 1;
				DEVELOPMENT_TEAM = UX73T5859J;
				GENERATE_INFOPLIST_FILE = YES;
				MARKETING_VERSION = 1.0;
				PRODUCT_BUNDLE_IDENTIFIER = "com.riosixx.Cars-FinderUITests";
				PRODUCT_NAME = "$(TARGET_NAME)";
				SWIFT_EMIT_LOC_STRINGS = NO;
				SWIFT_VERSION = 5.0;
				TARGETED_DEVICE_FAMILY = "1,2";
				TEST_TARGET_NAME = "Cars Finder";
			};
			name = Debug;
		};
		449354552D2C3EEC0049685F /* Release */ = {
			isa = XCBuildConfiguration;
			buildSettings = {
				CODE_SIGN_STYLE = Automatic;
				CURRENT_PROJECT_VERSION = 1;
				DEVELOPMENT_TEAM = UX73T5859J;
				GENERATE_INFOPLIST_FILE = YES;
				MARKETING_VERSION = 1.0;
				PRODUCT_BUNDLE_IDENTIFIER = "com.riosixx.Cars-FinderUITests";
				PRODUCT_NAME = "$(TARGET_NAME)";
				SWIFT_EMIT_LOC_STRINGS = NO;
				SWIFT_VERSION = 5.0;
				TARGETED_DEVICE_FAMILY = "1,2";
				TEST_TARGET_NAME = "Cars Finder";
			};
			name = Release;
		};
/* End XCBuildConfiguration section */

/* Begin XCConfigurationList section */
		4493541D2D2C3EEB0049685F /* Build configuration list for PBXProject "Cars Finder" */ = {
			isa = XCConfigurationList;
			buildConfigurations = (
				4493544E2D2C3EEC0049685F /* Debug */,
				4493544F2D2C3EEC0049685F /* Release */,
			);
			defaultConfigurationIsVisible = 0;
			defaultConfigurationName = Release;
		};
		4493544B2D2C3EEC0049685F /* Build configuration list for PBXNativeTarget "Cars Finder" */ = {
			isa = XCConfigurationList;
			buildConfigurations = (
				4493544C2D2C3EEC0049685F /* Debug */,
				4493544D2D2C3EEC0049685F /* Release */,
			);
			defaultConfigurationIsVisible = 0;
			defaultConfigurationName = Release;
		};
		449354502D2C3EEC0049685F /* Build configuration list for PBXNativeTarget "Cars FinderTests" */ = {
			isa = XCConfigurationList;
			buildConfigurations = (
				449354512D2C3EEC0049685F /* Debug */,
				449354522D2C3EEC0049685F /* Release */,
			);
			defaultConfigurationIsVisible = 0;
			defaultConfigurationName = Release;
		};
		449354532D2C3EEC0049685F /* Build configuration list for PBXNativeTarget "Cars FinderUITests" */ = {
			isa = XCConfigurationList;
			buildConfigurations = (
				449354542D2C3EEC0049685F /* Debug */,
				449354552D2C3EEC0049685F /* Release */,
			);
			defaultConfigurationIsVisible = 0;
			defaultConfigurationName = Release;
		};
/* End XCConfigurationList section */

/* Begin XCRemoteSwiftPackageReference section */
		4493545A2D2C579B0049685F /* XCRemoteSwiftPackageReference "Alamofire" */ = {
			isa = XCRemoteSwiftPackageReference;
			repositoryURL = "https://github.com/Alamofire/Alamofire.git";
			requirement = {
				kind = upToNextMajorVersion;
				minimumVersion = 5.10.2;
			};
		};
		4493545D2D2C58390049685F /* XCRemoteSwiftPackageReference "Swinject" */ = {
			isa = XCRemoteSwiftPackageReference;
			repositoryURL = "https://github.com/Swinject/Swinject.git";
			requirement = {
				kind = upToNextMajorVersion;
				minimumVersion = 2.9.1;
			};
		};
		449354C52D2D6B990049685F /* XCRemoteSwiftPackageReference "SDWebImage" */ = {
			isa = XCRemoteSwiftPackageReference;
			repositoryURL = "https://github.com/SDWebImage/SDWebImage.git";
			requirement = {
				kind = upToNextMajorVersion;
				minimumVersion = 5.20.0;
			};
		};
		449354C82D2D6C210049685F /* XCRemoteSwiftPackageReference "SVProgressHUD" */ = {
			isa = XCRemoteSwiftPackageReference;
			repositoryURL = "https://github.com/SVProgressHUD/SVProgressHUD.git";
			requirement = {
				kind = upToNextMajorVersion;
				minimumVersion = 2.3.1;
			};
		};
/* End XCRemoteSwiftPackageReference section */

/* Begin XCSwiftPackageProductDependency section */
		4493545B2D2C579B0049685F /* Alamofire */ = {
			isa = XCSwiftPackageProductDependency;
			package = 4493545A2D2C579B0049685F /* XCRemoteSwiftPackageReference "Alamofire" */;
			productName = Alamofire;
		};
		4493545E2D2C58390049685F /* Swinject */ = {
			isa = XCSwiftPackageProductDependency;
			package = 4493545D2D2C58390049685F /* XCRemoteSwiftPackageReference "Swinject" */;
			productName = Swinject;
		};
		449354C62D2D6B990049685F /* SDWebImage */ = {
			isa = XCSwiftPackageProductDependency;
			package = 449354C52D2D6B990049685F /* XCRemoteSwiftPackageReference "SDWebImage" */;
			productName = SDWebImage;
		};
		449354C92D2D6C210049685F /* SVProgressHUD */ = {
			isa = XCSwiftPackageProductDependency;
			package = 449354C82D2D6C210049685F /* XCRemoteSwiftPackageReference "SVProgressHUD" */;
			productName = SVProgressHUD;
		};
/* End XCSwiftPackageProductDependency section */
	};
	rootObject = 4493541A2D2C3EEB0049685F /* Project object */;
}
